
Microsoft Visual Studio Solution File, Format Version 12.00
# Visual Studio Version 17
VisualStudioVersion = 17.0.32014.148
MinimumVisualStudioVersion = 10.0.40219.1
Project("{FAE04EC0-301F-11D3-BF4B-00C04F79EFBC}") = "FizzBuzz.Tests", "FizzBuzz.Tests\FizzBuzz.Tests.csproj", "{44FF7E3F-431B-4953-A46F-E2DD902AB22A}"
EndProject
Project("{FAE04EC0-301F-11D3-BF4B-00C04F79EFBC}") = "FizzBuzzLibrary", "FizzBuzzLibrary\FizzBuzzLibrary.csproj", "{A4A935F3-EEA7-4A1C-B91B-5629F800A589}"
EndProject
Global
	GlobalSection(SolutionConfigurationPlatforms) = preSolution
		Debug|Any CPU = Debug|Any CPU
		Release|Any CPU = Release|Any CPU
	EndGlobalSection
	GlobalSection(ProjectConfigurationPlatforms) = postSolution
		{44FF7E3F-431B-4953-A46F-E2DD902AB22A}.Debug|Any CPU.ActiveCfg = Debug|Any CPU
		{44FF7E3F-431B-4953-A46F-E2DD902AB22A}.Debug|Any CPU.Build.0 = Debug|Any CPU
		{44FF7E3F-431B-4953-A46F-E2DD902AB22A}.Release|Any CPU.ActiveCfg = Release|Any CPU
		{44FF7E3F-431B-4953-A46F-E2DD902AB22A}.Release|Any CPU.Build.0 = Release|Any CPU
		{A4A935F3-EEA7-4A1C-B91B-5629F800A589}.Debug|Any CPU.ActiveCfg = Debug|Any CPU
		{A4A935F3-EEA7-4A1C-B91B-5629F800A589}.Debug|Any CPU.Build.0 = Debug|Any CPU
		{A4A935F3-EEA7-4A1C-B91B-5629F800A589}.Release|Any CPU.ActiveCfg = Release|Any CPU
		{A4A935F3-EEA7-4A1C-B91B-5629F800A589}.Release|Any CPU.Build.0 = Release|Any CPU
	EndGlobalSection
	GlobalSection(SolutionProperties) = preSolution
		HideSolutionNode = FALSE
	EndGlobalSection
	GlobalSection(ExtensibilityGlobals) = postSolution
		SolutionGuid = {A2AF2CA4-C5C7-4004-BD97-E0BF099F42D3}
	EndGlobalSection
EndGlobal
